<?xml version="1.0" encoding="utf-8"?>
<Project ToolsVersion="4.0" xmlns="http://schemas.microsoft.com/developer/msbuild/2003">
  <ItemGroup>
    <Filter Include="Source Files">
      <UniqueIdentifier>{4FC737F1-C7A5-4376-A066-2A32D752A2FF}</UniqueIdentifier>
      <Extensions>cpp;c;cc;cxx;def;odl;idl;hpj;bat;asm;asmx</Extensions>
    </Filter>
    <Filter Include="Public Headers">
      <UniqueIdentifier>{93995380-89BD-4b04-88EB-625FBE52EBFB}</UniqueIdentifier>
      <Extensions>h;hh;hpp;hxx;hm;inl;inc;xsd</Extensions>
    </Filter>
    <Filter Include="Internal Headers">
      <UniqueIdentifier>{5B9E9F30-C923-470D-B997-E9A0F05D6F88}</UniqueIdentifier>
      <Extensions>h;hh;hpp;hxx;hm;inl;inc;xsd</Extensions>
    </Filter>
    <Filter Include="Resource Files">
      <UniqueIdentifier>{67DA6AB6-F800-4c08-8B7A-83BB121AAD01}</UniqueIdentifier>
      <Extensions>rc;ico;cur;bmp;dlg;rc2;rct;bin;rgs;gif;jpg;jpeg;jpe;resx;tiff;tif;png;wav;mfcribbon-ms</Extensions>
    </Filter>
    <Filter Include="detail">
      <UniqueIdentifier>{ba362941-261b-4391-a91b-bdb56fb7b45c}</UniqueIdentifier>
    </Filter>
  </ItemGroup>
  <ItemGroup>
    <ClInclude Include="..\..\include\window.hpp">
      <Filter>Public Headers</Filter>
    </ClInclude>
    <ClInclude Include="..\..\include\exceptions.hpp">
      <Filter>Public Headers</Filter>
    </ClInclude>
    <ClInclude Include="..\..\include\control.hpp">
      <Filter>Public Headers</Filter>
    </ClInclude>
    <ClInclude Include="..\..\include\label.hpp">
      <Filter>Public Headers</Filter>
    </ClInclude>
    <ClInclude Include="..\..\include\text_alignment.hpp">
      <Filter>Public Headers</Filter>
    </ClInclude>
    <ClInclude Include="..\..\include\font.hpp">
      <Filter>Public Headers</Filter>
    </ClInclude>
    <ClInclude Include="..\..\include\font_manager.hpp">
      <Filter>Public Headers</Filter>
    </ClInclude>
    <ClInclude Include="..\..\include\button.hpp">
      <Filter>Public Headers</Filter>
    </ClInclude>
    <ClInclude Include="..\..\include\text_box.hpp">
      <Filter>Public Headers</Filter>
    </ClInclude>
    <ClInclude Include="..\..\include\dialog.hpp">
      <Filter>Public Headers</Filter>
    </ClInclude>
    <ClInclude Include="..\..\include\dropdown_box.hpp">
      <Filter>Public Headers</Filter>
    </ClInclude>
    <ClInclude Include="..\..\include\list_box.hpp">
      <Filter>Public Headers</Filter>
    </ClInclude>
    <ClInclude Include="..\..\include\check_box.hpp">
      <Filter>Public Headers</Filter>
    </ClInclude>
    <ClInclude Include="..\..\include\sdl_helpers.hpp">
      <Filter>Public Headers</Filter>
    </ClInclude>
    <ClInclude Include="..\..\include\panel.hpp">
      <Filter>Public Headers</Filter>
    </ClInclude>
    <ClInclude Include="..\..\include\dimentions.hpp">
      <Filter>Public Headers</Filter>
    </ClInclude>
    <ClInclude Include="..\..\include\flags.hpp">
      <Filter>detail</Filter>
    </ClInclude>
    <ClInclude Include="..\..\include\singleton.hpp">
      <Filter>detail</Filter>
    </ClInclude>
    <ClInclude Include="..\..\include\vertical_scrollbar.hpp">
      <Filter>detail</Filter>
    </ClInclude>
    <ClInclude Include="..\..\include\scroll_event_data.hpp">
      <Filter>detail</Filter>
    </ClInclude>
    <ClInclude Include="..\..\include\caret.hpp">
      <Filter>detail</Filter>
    </ClInclude>
    <ClInclude Include="..\..\src\inc\cursor_manager.hpp">
      <Filter>Internal Headers</Filter>
    </ClInclude>
    <ClInclude Include="..\..\src\inc\drawing_routines.hpp">
      <Filter>Internal Headers</Filter>
    </ClInclude>
    <ClInclude Include="..\..\src\inc\helpers.hpp">
      <Filter>Internal Headers</Filter>
    </ClInclude>
  </ItemGroup>
  <ItemGroup>
    <ClInclude Include="..\..\src\stdafx.h">
      <Filter>Internal Headers</Filter>
    </ClInclude>
    <ClInclude Include="..\..\src\targetver.h">
      <Filter>Internal Headers</Filter>
    </ClInclude>
  </ItemGroup>
  <ItemGroup>
    <ClCompile Include="..\..\src\stdafx.cpp">
      <Filter>Source Files</Filter>
    </ClCompile>
    <ClCompile Include="..\..\src\window.cpp">
      <Filter>Source Files</Filter>
    </ClCompile>
    <ClCompile Include="..\..\src\control.cpp">
      <Filter>Source Files</Filter>
    </ClCompile>
    <ClCompile Include="..\..\src\label.cpp">
      <Filter>Source Files</Filter>
    </ClCompile>
    <ClCompile Include="..\..\src\sdl_helpers.cpp">
      <Filter>Source Files</Filter>
    </ClCompile>
    <ClCompile Include="..\..\src\font.cpp">
      <Filter>Source Files</Filter>
    </ClCompile>
    <ClCompile Include="..\..\src\helpers.cpp">
      <Filter>Source Files</Filter>
    </ClCompile>
    <ClCompile Include="..\..\src\font_manager.cpp">
      <Filter>Source Files</Filter>
    </ClCompile>
    <ClCompile Include="..\..\src\button.cpp">
      <Filter>Source Files</Filter>
    </ClCompile>
    <ClCompile Include="..\..\src\text_box.cpp">
      <Filter>Source Files</Filter>
    </ClCompile>
    <ClCompile Include="..\..\src\cursor_manager.cpp">
      <Filter>Source Files</Filter>
    </ClCompile>
    <ClCompile Include="..\..\src\caret.cpp">
      <Filter>Source Files</Filter>
    </ClCompile>
    <ClCompile Include="..\..\src\dialog.cpp">
      <Filter>Source Files</Filter>
    </ClCompile>
    <ClCompile Include="..\..\src\dropdown_box.cpp">
      <Filter>Source Files</Filter>
    </ClCompile>
    <ClCompile Include="..\..\src\list_box.cpp">
      <Filter>Source Files</Filter>
    </ClCompile>
    <ClCompile Include="..\..\src\check_box.cpp">
      <Filter>Source Files</Filter>
    </ClCompile>
    <ClCompile Include="..\..\src\panel.cpp">
      <Filter>Source Files</Filter>
    </ClCompile>
    <ClCompile Include="..\..\src\vertical_scrollbar.cpp">
      <Filter>Source Files</Filter>
    </ClCompile>
    <ClCompile Include="..\..\src\drawing_routines.cpp">
      <Filter>Source Files</Filter>
    </ClCompile>
  </ItemGroup>
</Project>